# This file is automatically @generated by Poetry 1.4.1 and should not be changed by hand.

[[package]]
name = "autopep8"
version = "2.0.2"
description = "A tool that automatically formats Python code to conform to the PEP 8 style guide"
category = "dev"
optional = false
python-versions = ">=3.6"
files = [
    {file = "autopep8-2.0.2-py2.py3-none-any.whl", hash = "sha256:86e9303b5e5c8160872b2f5ef611161b2893e9bfe8ccc7e2f76385947d57a2f1"},
    {file = "autopep8-2.0.2.tar.gz", hash = "sha256:f9849cdd62108cb739dbcdbfb7fdcc9a30d1b63c4cc3e1c1f893b5360941b61c"},
]

[package.dependencies]
pycodestyle = ">=2.10.0"

[[package]]
name = "glcontext"
version = "2.3.7"
description = "Portable OpenGL Context"
category = "main"
optional = false
python-versions = "*"
files = [
    {file = "glcontext-2.3.7-cp310-cp310-macosx_10_9_universal2.whl", hash = "sha256:8ece87d8616bf12e55a08a05159f4303c8b82d348c2c43c7297c85d8e95dfa3e"},
    {file = "glcontext-2.3.7-cp310-cp310-macosx_10_9_x86_64.whl", hash = "sha256:b5dcd68b23b1a549a3b0851d3621630e492ff9015a18f29f2512088b4e03e4d9"},
    {file = "glcontext-2.3.7-cp310-cp310-manylinux_2_17_aarch64.manylinux2014_aarch64.whl", hash = "sha256:3dc6a6133bffc33cb75bbc79dc08bd1e206017ac69ec68f703227aaf5f5129bb"},
    {file = "glcontext-2.3.7-cp310-cp310-manylinux_2_5_i686.manylinux1_i686.manylinux_2_17_i686.manylinux2014_i686.whl", hash = "sha256:bc906a19be96d2820dee8e681ca1d3129821eb6e5c4f1544db723edf0c0696bd"},
    {file = "glcontext-2.3.7-cp310-cp310-manylinux_2_5_x86_64.manylinux1_x86_64.manylinux_2_17_x86_64.manylinux2014_x86_64.whl", hash = "sha256:89869925f4e1762878561fa1e3cbd1ee5ce73e5597275b5fc8bc054dd894fca4"},
    {file = "glcontext-2.3.7-cp310-cp310-win32.whl", hash = "sha256:088482e07aed6229a34fbb1d0c5fbe0ad9c413dbddb5eaaa8e5c83d933cbe8d6"},
    {file = "glcontext-2.3.7-cp310-cp310-win_amd64.whl", hash = "sha256:03b505fc8ce2dfcf800feac0e20cbb7b1899a5ef7407fa0cccb3267a5b2abbdb"},
    {file = "glcontext-2.3.7-cp311-cp311-macosx_10_9_universal2.whl", hash = "sha256:155154084bdedfc8904524d8bd212e5896cc5d5caf1d45c19d13dc34aee4b5ab"},
    {file = "glcontext-2.3.7-cp311-cp311-macosx_10_9_x86_64.whl", hash = "sha256:65bf63b2068e13183e34a4beaf921f20cd144a25cebed0fa9a46f25e8b47577d"},
    {file = "glcontext-2.3.7-cp311-cp311-manylinux_2_17_aarch64.manylinux2014_aarch64.whl", hash = "sha256:51e04b162529f99c7b764129e07aaa3ec8edfc63ca7a212b71e348319f8b821b"},
    {file = "glcontext-2.3.7-cp311-cp311-manylinux_2_5_i686.manylinux1_i686.manylinux_2_17_i686.manylinux2014_i686.whl", hash = "sha256:0961811d85ac551b1ce1f197296a8e5f497b35a149cfc6e128f74dfaef5e592f"},
    {file = "glcontext-2.3.7-cp311-cp311-manylinux_2_5_x86_64.manylinux1_x86_64.manylinux_2_17_x86_64.manylinux2014_x86_64.whl", hash = "sha256:fa4595600a699ed13e854b87116a1519a25e47a10100df01650c1be3532bd629"},
    {file = "glcontext-2.3.7-cp311-cp311-win32.whl", hash = "sha256:7dc827f119ccc3ea55b7bec73573516117c55319edc93bc2bbcf389bf1e7acfe"},
    {file = "glcontext-2.3.7-cp311-cp311-win_amd64.whl", hash = "sha256:a22a3fbb3abefd7a9f5a672af8fccb8d8d996b2eae2075ac9d8ca10f4a6f6653"},
    {file = "glcontext-2.3.7-cp37-cp37m-macosx_10_9_x86_64.whl", hash = "sha256:6df4cf354adb911a9ca58bc5c60fb1ae27544527878bc3ddf8f7ea56946c6fcc"},
    {file = "glcontext-2.3.7-cp37-cp37m-manylinux_2_17_aarch64.manylinux2014_aarch64.whl", hash = "sha256:1f1656e931c937f8bdce12c551fa0077db814b123e7f16b6db26e1e7c89dae16"},
    {file = "glcontext-2.3.7-cp37-cp37m-manylinux_2_5_i686.manylinux1_i686.manylinux_2_17_i686.manylinux2014_i686.whl", hash = "sha256:058bf839884b5d5d8488978ed804023be64fc9bafb674a0ede1ba26c05bd9146"},
    {file = "glcontext-2.3.7-cp37-cp37m-manylinux_2_5_x86_64.manylinux1_x86_64.manylinux_2_17_x86_64.manylinux2014_x86_64.whl", hash = "sha256:f17be52c99e3eaeefaaac780bde40bfa99be3ad32bbfed346bb347c9d0b01967"},
    {file = "glcontext-2.3.7-cp37-cp37m-win32.whl", hash = "sha256:5a4cc4fef74dcab0b428ef750fad3c05311657ffb4f1dd3d4afa75e664551588"},
    {file = "glcontext-2.3.7-cp37-cp37m-win_amd64.whl", hash = "sha256:fd03d6d8dbfdd9bab97ada98759e345b29d50f690cec95dd01d22d02f616bfea"},
    {file = "glcontext-2.3.7-cp38-cp38-macosx_10_9_universal2.whl", hash = "sha256:03b3925472771607d13feb9a0de93b04408ae86c91eee3f5e09e43744f90b1af"},
    {file = "glcontext-2.3.7-cp38-cp38-macosx_10_9_x86_64.whl", hash = "sha256:f234ebcc3355155811389c320974056ce20233770205fc7cb41d8653d6137efa"},
    {file = "glcontext-2.3.7-cp38-cp38-manylinux_2_17_aarch64.manylinux2014_aarch64.whl", hash = "sha256:46ef33b616027a616dcceba33bc48e589ba24fa84ee43c5b8611c5b57d2dace3"},
    {file = "glcontext-2.3.7-cp38-cp38-manylinux_2_5_i686.manylinux1_i686.manylinux_2_17_i686.manylinux2014_i686.whl", hash = "sha256:3ff822473d498d606424f92a341d01121562af35bf1d3d0e2ccd1f9c2f86859b"},
    {file = "glcontext-2.3.7-cp38-cp38-manylinux_2_5_x86_64.manylinux1_x86_64.manylinux_2_17_x86_64.manylinux2014_x86_64.whl", hash = "sha256:87c90b525296c4930b1f74bf460b97af052c3cc9ba47d811f416ed82e1b16b03"},
    {file = "glcontext-2.3.7-cp38-cp38-win32.whl", hash = "sha256:f1444229f84a7aea48ce3f1143147acee92eee264826db4c41ea38c6b0a924a9"},
    {file = "glcontext-2.3.7-cp38-cp38-win_amd64.whl", hash = "sha256:59580776fd7e520995b82a6134c8ca7152a7881e174077fc785f4cc69c476d69"},
    {file = "glcontext-2.3.7-cp39-cp39-macosx_10_9_universal2.whl", hash = "sha256:8aa90a648f17bacacef95b09a5fab368e8feff3714fc4b81eb9374bd439850e6"},
    {file = "glcontext-2.3.7-cp39-cp39-macosx_10_9_x86_64.whl", hash = "sha256:867fe03c1c241d2416b719e23d1671537e34e03bab741dcc50d49298c1397073"},
    {file = "glcontext-2.3.7-cp39-cp39-manylinux_2_17_aarch64.manylinux2014_aarch64.whl", hash = "sha256:ae930d226f9145ec580f3fe10fc23262b8c21a6a0cd6fbc081a6606e9000ce74"},
    {file = "glcontext-2.3.7-cp39-cp39-manylinux_2_5_i686.manylinux1_i686.manylinux_2_17_i686.manylinux2014_i686.whl", hash = "sha256:cc73099fa7525a20e2021a2f2befa61e9ef306364838c1859ba79f5bd8eda33a"},
    {file = "glcontext-2.3.7-cp39-cp39-manylinux_2_5_x86_64.manylinux1_x86_64.manylinux_2_17_x86_64.manylinux2014_x86_64.whl", hash = "sha256:755698083c6119e771ea3f5837143324636700e1e5b397885c05085a837d5876"},
    {file = "glcontext-2.3.7-cp39-cp39-win32.whl", hash = "sha256:ab8147607af85fc2ec2e02b4364ff36b636f63781295e74220dc5c5856794e07"},
    {file = "glcontext-2.3.7-cp39-cp39-win_amd64.whl", hash = "sha256:2fae2d4bcb0564e0eb8e72c97e149faebfad369aeaef74ed7fd17f5f84a07428"},
    {file = "glcontext-2.3.7-pp37-pypy37_pp73-macosx_10_9_x86_64.whl", hash = "sha256:e48550269c3baff04cc46ca79bd9d2d5a62216665751b10aa86d95ebe182d319"},
    {file = "glcontext-2.3.7-pp37-pypy37_pp73-manylinux_2_17_aarch64.manylinux2014_aarch64.whl", hash = "sha256:82eff3e5664c5a17fc0cbb1dae2c32088cdd3c3bfbfe4b9c71012275c2a63e8e"},
    {file = "glcontext-2.3.7-pp37-pypy37_pp73-manylinux_2_5_i686.manylinux1_i686.manylinux_2_17_i686.manylinux2014_i686.whl", hash = "sha256:44f7dbf800e6f933a5c56e07b18ef70f44949f34bf57f5d5318e2199c12cbfbc"},
    {file = "glcontext-2.3.7-pp37-pypy37_pp73-manylinux_2_5_x86_64.manylinux1_x86_64.manylinux_2_17_x86_64.manylinux2014_x86_64.whl", hash = "sha256:4d18b3e9e9259595dd5c538c1fd9238f8b26c22d6351397e721ef8a89ad55f12"},
    {file = "glcontext-2.3.7-pp37-pypy37_pp73-win_amd64.whl", hash = "sha256:376e12d230fd198a329dfe253b41480b0a015a2dabbac5eecf6b279fe3afb1b3"},
    {file = "glcontext-2.3.7-pp38-pypy38_pp73-macosx_10_9_x86_64.whl", hash = "sha256:84dc3b831af386cb20cae8fb10ac78d8007bb29118730db2e9f21c329a528028"},
    {file = "glcontext-2.3.7-pp38-pypy38_pp73-manylinux_2_17_aarch64.manylinux2014_aarch64.whl", hash = "sha256:b85c873315741dbc208c199cbe449aa77d1831551dd78d9b3d67e0a6f9eb576d"},
    {file = "glcontext-2.3.7-pp38-pypy38_pp73-manylinux_2_5_i686.manylinux1_i686.manylinux_2_17_i686.manylinux2014_i686.whl", hash = "sha256:94e47dd8cf39cabe20b41dd0c4c6589f0c7a4de2a5bad8e51ab0fc0b4a26ae6b"},
    {file = "glcontext-2.3.7-pp38-pypy38_pp73-manylinux_2_5_x86_64.manylinux1_x86_64.manylinux_2_17_x86_64.manylinux2014_x86_64.whl", hash = "sha256:79e561b67e606b6e13ba58e6ae3e688e3429dbb5d60e551ba40d649432044f37"},
    {file = "glcontext-2.3.7-pp38-pypy38_pp73-win_amd64.whl", hash = "sha256:d986976c9b758d60d966fbaf8bdff129d125e8b2c58889d2220ca96991f1071e"},
    {file = "glcontext-2.3.7-pp39-pypy39_pp73-macosx_10_9_x86_64.whl", hash = "sha256:891b56a3bbaf3470595c218e847e79448e95cecb412224c8585da640c61cf29a"},
    {file = "glcontext-2.3.7-pp39-pypy39_pp73-manylinux_2_17_aarch64.manylinux2014_aarch64.whl", hash = "sha256:a349317c9d634aa56e30aae9ad408bc1b9de281af0e4f87de682b454ebaf540e"},
    {file = "glcontext-2.3.7-pp39-pypy39_pp73-manylinux_2_5_i686.manylinux1_i686.manylinux_2_17_i686.manylinux2014_i686.whl", hash = "sha256:1716d21d423a1a2261cd717bc66714eeb5464d6a061b92678f356ca69cfd1255"},
    {file = "glcontext-2.3.7-pp39-pypy39_pp73-manylinux_2_5_x86_64.manylinux1_x86_64.manylinux_2_17_x86_64.manylinux2014_x86_64.whl", hash = "sha256:440ff5f59f318ce495c6bdddfa01a23dd64713fb960ceb87c3a9423745781d47"},
    {file = "glcontext-2.3.7-pp39-pypy39_pp73-win_amd64.whl", hash = "sha256:ef0c7e534e53f14b7b09dc3fe1e207243c9bb3eb2543d9876ed253156ca7a8bf"},
    {file = "glcontext-2.3.7.tar.gz", hash = "sha256:bb2d0503f45ad85ca7319bd37fd983e374b3f824c38a450b5f72cfc974114156"},
]

[[package]]
name = "glfw"
version = "2.5.9"
description = "A ctypes-based wrapper for GLFW3."
category = "main"
optional = false
python-versions = "*"
files = [
    {file = "glfw-2.5.9-py2.py27.py3.py30.py31.py32.py33.py34.py35.py36.py37.py38-none-macosx_10_6_intel.whl", hash = "sha256:fbad05c574ec6950fa11c992901ee8f29729fcc9447b1830924d04cf51e46b17"},
    {file = "glfw-2.5.9-py2.py27.py3.py30.py31.py32.py33.py34.py35.py36.py37.py38-none-macosx_11_0_arm64.whl", hash = "sha256:ac794f5a9be767d9865fc23d842aec2db6c36366d5aa58879ca52bdd231f9a07"},
    {file = "glfw-2.5.9-py2.py27.py3.py30.py31.py32.py33.py34.py35.py36.py37.py38-none-manylinux2010_i686.whl", hash = "sha256:f866f50bbfbb779b2a8ca3efff306d5206f5611cbc58fa77f23adc5efb401af8"},
    {file = "glfw-2.5.9-py2.py27.py3.py30.py31.py32.py33.py34.py35.py36.py37.py38-none-manylinux2010_x86_64.whl", hash = "sha256:e5746ae1491ef4a17df645a18f5f9e0c671d08d615ab0e9b46181c613133281f"},
    {file = "glfw-2.5.9-py2.py27.py3.py30.py31.py32.py33.py34.py35.py36.py37.py38-none-manylinux2014_aarch64.whl", hash = "sha256:d345b2f8cfddfbd1a80e4c84abee3702be17301b3751820abae53283de749b0d"},
    {file = "glfw-2.5.9-py2.py27.py3.py30.py31.py32.py33.py34.py35.py36.py37.py38-none-manylinux2014_x86_64.whl", hash = "sha256:adc6b2c4de5345afc4970515fd8d4332557522727e1d0fd7b68c99afaaa24b80"},
    {file = "glfw-2.5.9-py2.py27.py3.py30.py31.py32.py33.py34.py35.py36.py37.py38-none-win32.whl", hash = "sha256:c99ebf600b9f551ce94f81a0acd1d224ef62f266375cfb47797ed8cb62916ff3"},
    {file = "glfw-2.5.9-py2.py27.py3.py30.py31.py32.py33.py34.py35.py36.py37.py38-none-win_amd64.whl", hash = "sha256:bed92052e1d9f6bc0f2a918e78f9b343b9a350e93d111e8b2ab2cd70382cd237"},
    {file = "glfw-2.5.9.tar.gz", hash = "sha256:1510a77507d279f8a35e3dbec2892774358539500687159f4bf2fd15cefff81d"},
]

[package.extras]
preview = ["glfw-preview"]

[[package]]
name = "moderngl"
version = "5.8.2"
description = "ModernGL: High performance rendering for Python 3"
category = "main"
optional = false
python-versions = "*"
files = [
    {file = "moderngl-5.8.2-cp310-cp310-macosx_10_9_universal2.whl", hash = "sha256:3012c38b882985aa1140196ba157b8d5a625add0ee0761c3c2937505b1365675"},
    {file = "moderngl-5.8.2-cp310-cp310-macosx_10_9_x86_64.whl", hash = "sha256:f140f9d9f5f11fc2a7b41324dd7bcf88c1fc9576d5b21f78b42707d835583be9"},
    {file = "moderngl-5.8.2-cp310-cp310-manylinux_2_17_aarch64.manylinux2014_aarch64.whl", hash = "sha256:bbb23f67bd1bb0babd67246330137bd4b9fd49557fa5ae402305685a48df3d6d"},
    {file = "moderngl-5.8.2-cp310-cp310-manylinux_2_17_x86_64.manylinux2014_x86_64.whl", hash = "sha256:c5e92e1c8af12fdf3f5fb1923412632887aa3002bdb23d46a3ff564b93cc002c"},
    {file = "moderngl-5.8.2-cp310-cp310-manylinux_2_5_i686.manylinux1_i686.manylinux_2_17_i686.manylinux2014_i686.whl", hash = "sha256:8227c2986e2ce9a76314fa6271d72749e37831fa3031d0db1eccb7fcfd027f08"},
    {file = "moderngl-5.8.2-cp310-cp310-win32.whl", hash = "sha256:df3c541ef9322fafebc113924a5034bb0fb3ac4afab9bd72cc6798795edbfd18"},
    {file = "moderngl-5.8.2-cp310-cp310-win_amd64.whl", hash = "sha256:5d3fd68011186a30ab4bbcdeb5348a5bce579cbef0e849944ca875d0be70f0c2"},
    {file = "moderngl-5.8.2-cp311-cp311-macosx_10_9_universal2.whl", hash = "sha256:d51c2d31decab2f3a534c04d2dfda631d9a2efc79ddb36d75e4b50747fc134f2"},
    {file = "moderngl-5.8.2-cp311-cp311-macosx_10_9_x86_64.whl", hash = "sha256:affffa368aea60fd5df0edff10d6923f74cd3f9fd7893675fe7c7bfe73517b7b"},
    {file = "moderngl-5.8.2-cp311-cp311-manylinux_2_17_aarch64.manylinux2014_aarch64.whl", hash = "sha256:a7e9220ce5447e050adaaea42abf2b48e3eae4cc4a2fc07a3827239c067c5c68"},
    {file = "moderngl-5.8.2-cp311-cp311-manylinux_2_17_x86_64.manylinux2014_x86_64.whl", hash = "sha256:310db1cc52dbcc211d957f27ca9d14f3e474657eb2d5670f03adf9221c9b1647"},
    {file = "moderngl-5.8.2-cp311-cp311-manylinux_2_5_i686.manylinux1_i686.manylinux_2_17_i686.manylinux2014_i686.whl", hash = "sha256:bcd7de06efafa9e4cef63c942e886586fd25076867d46511aaf5aa478317c2f3"},
    {file = "moderngl-5.8.2-cp311-cp311-win32.whl", hash = "sha256:b5e7d98c5bd5e840c9667cf1817c01809b83beb8f8b83c6e76bf85f10dc99b63"},
    {file = "moderngl-5.8.2-cp311-cp311-win_amd64.whl", hash = "sha256:279486e143eb849fcab126e3ef3a1a0353bbbdb1d27a13c76335cf4ae14b2827"},
    {file = "moderngl-5.8.2-cp37-cp37m-macosx_10_9_x86_64.whl", hash = "sha256:a37db97c20e942ec20281d320c50f8ea006d5ac4797998484a7f8fdfe9e0129b"},
    {file = "moderngl-5.8.2-cp37-cp37m-manylinux_2_17_aarch64.manylinux2014_aarch64.whl", hash = "sha256:50313b30b744c59c07a01b63ecd4efd57488ad70ece4296d8669cac6ec1f634d"},
    {file = "moderngl-5.8.2-cp37-cp37m-manylinux_2_17_x86_64.manylinux2014_x86_64.whl", hash = "sha256:60ad02423ecc434433aa63ec0d8adbef94432e88a87ebf0853336dc3677c645e"},
    {file = "moderngl-5.8.2-cp37-cp37m-manylinux_2_5_i686.manylinux1_i686.manylinux_2_17_i686.manylinux2014_i686.whl", hash = "sha256:651f450ac4520cb24161096f0bcfaf10820743d48e231cf0a27a8ff4e036c450"},
    {file = "moderngl-5.8.2-cp37-cp37m-win32.whl", hash = "sha256:88e9500293f02220d9613beb852242507de34b29639427a3b113be38941458fe"},
    {file = "moderngl-5.8.2-cp37-cp37m-win_amd64.whl", hash = "sha256:ab9d969cbed50d7f86c6da8252b4a7adc53d033a24a281cd4b00221b1b26faf2"},
    {file = "moderngl-5.8.2-cp38-cp38-macosx_10_9_universal2.whl", hash = "sha256:4a16916facea2351b70db73226cef1545c43f3431d9861a7b467208898b82a0f"},
    {file = "moderngl-5.8.2-cp38-cp38-macosx_10_9_x86_64.whl", hash = "sha256:a994da9d8cf3f5d9f549b02f9b9bfaeb0ce20c17e5acaa8b9737795d1bf62a28"},
    {file = "moderngl-5.8.2-cp38-cp38-manylinux_2_17_aarch64.manylinux2014_aarch64.whl", hash = "sha256:b8079fcf1a8e4df24ab2313165cc77721c7676a1c68b2e48a890d283525f6858"},
    {file = "moderngl-5.8.2-cp38-cp38-manylinux_2_17_x86_64.manylinux2014_x86_64.whl", hash = "sha256:f066d9b0e743bb60e3dfa540214b4fe19c5d25f3ab7dd4f61c36fb00854fa502"},
    {file = "moderngl-5.8.2-cp38-cp38-manylinux_2_5_i686.manylinux1_i686.manylinux_2_17_i686.manylinux2014_i686.whl", hash = "sha256:7b9b6efe0cecb182e07f0424b9d33a969f85e39f9e6eff2d5fb05e8e9ff67750"},
    {file = "moderngl-5.8.2-cp38-cp38-win32.whl", hash = "sha256:a135faa1be35346a258bd59daf5307b763e4f20e32ecdd69fc0d84e5bb48adfc"},
    {file = "moderngl-5.8.2-cp38-cp38-win_amd64.whl", hash = "sha256:56b73042fb5593158b6935757c75c695673a46b74136c03c88c16af25628d998"},
    {file = "moderngl-5.8.2-cp39-cp39-macosx_10_9_universal2.whl", hash = "sha256:7400876b5ef3eb12f0e0374c48b881dd44f8aef4b3d901ffe508213949d62d0a"},
    {file = "moderngl-5.8.2-cp39-cp39-macosx_10_9_x86_64.whl", hash = "sha256:e4fc84269d26731832303c1904bd33e4692a648b26e97661c8455e4fdfc6bd17"},
    {file = "moderngl-5.8.2-cp39-cp39-manylinux_2_17_aarch64.manylinux2014_aarch64.whl", hash = "sha256:9f5b909dd73a30235989685bf83e8a5b2dad435ce576669a6731bf6659076f4b"},
    {file = "moderngl-5.8.2-cp39-cp39-manylinux_2_17_x86_64.manylinux2014_x86_64.whl", hash = "sha256:5d8ffeb7b30d001f8495f7efbcdf39a07185ad94e7f843133ce991b459d47ba6"},
    {file = "moderngl-5.8.2-cp39-cp39-manylinux_2_5_i686.manylinux1_i686.manylinux_2_17_i686.manylinux2014_i686.whl", hash = "sha256:3ebc9016a0849edc4654e4d1935748ca2dc72427ea678aa7fc166d449e0c1db2"},
    {file = "moderngl-5.8.2-cp39-cp39-win32.whl", hash = "sha256:9f19b0c201c5c2739358a68c12f0502424ed76659edaba4ea20760fc9b71d2fa"},
    {file = "moderngl-5.8.2-cp39-cp39-win_amd64.whl", hash = "sha256:7ff301371e91dd39486c8d52a27934cc04ca3da6da16613255d3a6b69e89e621"},
    {file = "moderngl-5.8.2-pp37-pypy37_pp73-macosx_10_9_x86_64.whl", hash = "sha256:67918bbc43b2f7aa37d72ba1ed2dd506d993aed8d62d9771caaf541607bd7402"},
    {file = "moderngl-5.8.2-pp37-pypy37_pp73-manylinux_2_17_aarch64.manylinux2014_aarch64.whl", hash = "sha256:841d8e056f188d03ab02268f96368f570c72a91ed01f8fa43e83ecbcaf80bf06"},
    {file = "moderngl-5.8.2-pp37-pypy37_pp73-manylinux_2_17_x86_64.manylinux2014_x86_64.whl", hash = "sha256:1ce40fb73f80c1f09f4a095adda341fdaf1b3043f219fbfe44a9da81577dde7e"},
    {file = "moderngl-5.8.2-pp37-pypy37_pp73-manylinux_2_5_i686.manylinux1_i686.manylinux_2_17_i686.manylinux2014_i686.whl", hash = "sha256:3a850968d417fb62eb26922d2158a6748b90088db948c9499dc05cd616a845d9"},
    {file = "moderngl-5.8.2-pp37-pypy37_pp73-win_amd64.whl", hash = "sha256:e2e6378212c18b82503c82555644a12bb9087215c8ae783b655a1f3ade403285"},
    {file = "moderngl-5.8.2-pp38-pypy38_pp73-macosx_10_9_x86_64.whl", hash = "sha256:96433f592a6a113a2cd236f00a306f43059580ec5109553e0f0044decd61fe0c"},
    {file = "moderngl-5.8.2-pp38-pypy38_pp73-manylinux_2_17_aarch64.manylinux2014_aarch64.whl", hash = "sha256:670682ad734dacb501685c62d958a849a856d01ebb6cafb639d6549e7ca4d39a"},
    {file = "moderngl-5.8.2-pp38-pypy38_pp73-manylinux_2_17_x86_64.manylinux2014_x86_64.whl", hash = "sha256:2e2205402a8d0792efc380e68cb1a11218c09454e6d8d1d95fda0becb2d36a5a"},
    {file = "moderngl-5.8.2-pp38-pypy38_pp73-manylinux_2_5_i686.manylinux1_i686.manylinux_2_17_i686.manylinux2014_i686.whl", hash = "sha256:d7362808ab3ef32b95b534de6be20f09eee23f047954dd01d3d2433faf1f0725"},
    {file = "moderngl-5.8.2-pp38-pypy38_pp73-win_amd64.whl", hash = "sha256:cc3ed59322867afbc9edf4d96deb619e1e13bb7ef8bfc778b10adbd117f8af9b"},
    {file = "moderngl-5.8.2-pp39-pypy39_pp73-macosx_10_9_x86_64.whl", hash = "sha256:d0d9fa90957c382ebbc7011ffc29807ae914e64f2d519d974b87e583d6c07188"},
    {file = "moderngl-5.8.2-pp39-pypy39_pp73-manylinux_2_17_aarch64.manylinux2014_aarch64.whl", hash = "sha256:3366be15c5aaa841239091dfa2c86c6acb09b67fa2a86552f8b4f59c0e9dae55"},
    {file = "moderngl-5.8.2-pp39-pypy39_pp73-manylinux_2_17_x86_64.manylinux2014_x86_64.whl", hash = "sha256:8094f14072e102272f31617b219b601dd15e5117047ba33508014f9a40b7188a"},
    {file = "moderngl-5.8.2-pp39-pypy39_pp73-manylinux_2_5_i686.manylinux1_i686.manylinux_2_17_i686.manylinux2014_i686.whl", hash = "sha256:a5e25f34e3b6916f6394b3a7f10fa443a901662ecfb01c623ed9c7f87a660ed9"},
    {file = "moderngl-5.8.2-pp39-pypy39_pp73-win_amd64.whl", hash = "sha256:2d572b3e8243e63efbb85bb6a90dfffe84a8d57233ff7e03cad44023a414678f"},
    {file = "moderngl-5.8.2.tar.gz", hash = "sha256:b66c18d7f4ab7a94be3f9eb9e4ca6836ead1da502d62e81b7f7a48150e2ed391"},
]

[package.dependencies]
glcontext = ">=2.3.6,<3"

[[package]]
name = "numpy"
version = "1.24.2"
description = "Fundamental package for array computing in Python"
category = "main"
optional = false
python-versions = ">=3.8"
files = [
    {file = "numpy-1.24.2-cp310-cp310-macosx_10_9_x86_64.whl", hash = "sha256:eef70b4fc1e872ebddc38cddacc87c19a3709c0e3e5d20bf3954c147b1dd941d"},
    {file = "numpy-1.24.2-cp310-cp310-macosx_11_0_arm64.whl", hash = "sha256:e8d2859428712785e8a8b7d2b3ef0a1d1565892367b32f915c4a4df44d0e64f5"},
    {file = "numpy-1.24.2-cp310-cp310-manylinux_2_17_aarch64.manylinux2014_aarch64.whl", hash = "sha256:6524630f71631be2dabe0c541e7675db82651eb998496bbe16bc4f77f0772253"},
    {file = "numpy-1.24.2-cp310-cp310-manylinux_2_17_x86_64.manylinux2014_x86_64.whl", hash = "sha256:a51725a815a6188c662fb66fb32077709a9ca38053f0274640293a14fdd22978"},
    {file = "numpy-1.24.2-cp310-cp310-win32.whl", hash = "sha256:2620e8592136e073bd12ee4536149380695fbe9ebeae845b81237f986479ffc9"},
    {file = "numpy-1.24.2-cp310-cp310-win_amd64.whl", hash = "sha256:97cf27e51fa078078c649a51d7ade3c92d9e709ba2bfb97493007103c741f1d0"},
    {file = "numpy-1.24.2-cp311-cp311-macosx_10_9_x86_64.whl", hash = "sha256:7de8fdde0003f4294655aa5d5f0a89c26b9f22c0a58790c38fae1ed392d44a5a"},
    {file = "numpy-1.24.2-cp311-cp311-macosx_11_0_arm64.whl", hash = "sha256:4173bde9fa2a005c2c6e2ea8ac1618e2ed2c1c6ec8a7657237854d42094123a0"},
    {file = "numpy-1.24.2-cp311-cp311-manylinux_2_17_aarch64.manylinux2014_aarch64.whl", hash = "sha256:4cecaed30dc14123020f77b03601559fff3e6cd0c048f8b5289f4eeabb0eb281"},
    {file = "numpy-1.24.2-cp311-cp311-manylinux_2_17_x86_64.manylinux2014_x86_64.whl", hash = "sha256:9a23f8440561a633204a67fb44617ce2a299beecf3295f0d13c495518908e910"},
    {file = "numpy-1.24.2-cp311-cp311-win32.whl", hash = "sha256:e428c4fbfa085f947b536706a2fc349245d7baa8334f0c5723c56a10595f9b95"},
    {file = "numpy-1.24.2-cp311-cp311-win_amd64.whl", hash = "sha256:557d42778a6869c2162deb40ad82612645e21d79e11c1dc62c6e82a2220ffb04"},
    {file = "numpy-1.24.2-cp38-cp38-macosx_10_9_x86_64.whl", hash = "sha256:d0a2db9d20117bf523dde15858398e7c0858aadca7c0f088ac0d6edd360e9ad2"},
    {file = "numpy-1.24.2-cp38-cp38-macosx_11_0_arm64.whl", hash = "sha256:c72a6b2f4af1adfe193f7beb91ddf708ff867a3f977ef2ec53c0ffb8283ab9f5"},
    {file = "numpy-1.24.2-cp38-cp38-manylinux_2_17_aarch64.manylinux2014_aarch64.whl", hash = "sha256:c29e6bd0ec49a44d7690ecb623a8eac5ab8a923bce0bea6293953992edf3a76a"},
    {file = "numpy-1.24.2-cp38-cp38-manylinux_2_17_x86_64.manylinux2014_x86_64.whl", hash = "sha256:2eabd64ddb96a1239791da78fa5f4e1693ae2dadc82a76bc76a14cbb2b966e96"},
    {file = "numpy-1.24.2-cp38-cp38-win32.whl", hash = "sha256:e3ab5d32784e843fc0dd3ab6dcafc67ef806e6b6828dc6af2f689be0eb4d781d"},
    {file = "numpy-1.24.2-cp38-cp38-win_amd64.whl", hash = "sha256:76807b4063f0002c8532cfeac47a3068a69561e9c8715efdad3c642eb27c0756"},
    {file = "numpy-1.24.2-cp39-cp39-macosx_10_9_x86_64.whl", hash = "sha256:4199e7cfc307a778f72d293372736223e39ec9ac096ff0a2e64853b866a8e18a"},
    {file = "numpy-1.24.2-cp39-cp39-macosx_11_0_arm64.whl", hash = "sha256:adbdce121896fd3a17a77ab0b0b5eedf05a9834a18699db6829a64e1dfccca7f"},
    {file = "numpy-1.24.2-cp39-cp39-manylinux_2_17_aarch64.manylinux2014_aarch64.whl", hash = "sha256:889b2cc88b837d86eda1b17008ebeb679d82875022200c6e8e4ce6cf549b7acb"},
    {file = "numpy-1.24.2-cp39-cp39-manylinux_2_17_x86_64.manylinux2014_x86_64.whl", hash = "sha256:f64bb98ac59b3ea3bf74b02f13836eb2e24e48e0ab0145bbda646295769bd780"},
    {file = "numpy-1.24.2-cp39-cp39-win32.whl", hash = "sha256:63e45511ee4d9d976637d11e6c9864eae50e12dc9598f531c035265991910468"},
    {file = "numpy-1.24.2-cp39-cp39-win_amd64.whl", hash = "sha256:a77d3e1163a7770164404607b7ba3967fb49b24782a6ef85d9b5f54126cc39e5"},
    {file = "numpy-1.24.2-pp38-pypy38_pp73-macosx_10_9_x86_64.whl", hash = "sha256:92011118955724465fb6853def593cf397b4a1367495e0b59a7e69d40c4eb71d"},
    {file = "numpy-1.24.2-pp38-pypy38_pp73-manylinux_2_17_x86_64.manylinux2014_x86_64.whl", hash = "sha256:f9006288bcf4895917d02583cf3411f98631275bc67cce355a7f39f8c14338fa"},
    {file = "numpy-1.24.2-pp38-pypy38_pp73-win_amd64.whl", hash = "sha256:150947adbdfeceec4e5926d956a06865c1c690f2fd902efede4ca6fe2e657c3f"},
    {file = "numpy-1.24.2.tar.gz", hash = "sha256:003a9f530e880cb2cd177cba1af7220b9aa42def9c4afc2a2fc3ee6be7eb2b22"},
]

[[package]]
name = "pastel"
version = "0.2.1"
description = "Bring colors to your terminal."
category = "main"
optional = false
python-versions = ">=2.7, !=3.0.*, !=3.1.*, !=3.2.*, !=3.3.*"
files = [
    {file = "pastel-0.2.1-py2.py3-none-any.whl", hash = "sha256:4349225fcdf6c2bb34d483e523475de5bb04a5c10ef711263452cb37d7dd4364"},
    {file = "pastel-0.2.1.tar.gz", hash = "sha256:e6581ac04e973cac858828c6202c1e1e81fee1dc7de7683f3e1ffe0bfd8a573d"},
]

[[package]]
name = "poethepoet"
version = "0.19.0"
description = "A task runner that works well with poetry."
category = "main"
optional = false
python-versions = ">=3.7"
files = [
    {file = "poethepoet-0.19.0-py3-none-any.whl", hash = "sha256:87038be589077e4b407050a9da644d9cd9e4076ccfc8abc7f855cf6870d5c6c2"},
    {file = "poethepoet-0.19.0.tar.gz", hash = "sha256:897eb85ec15876d79befc7d19d4c80ce7c8b214d1bb0dcfec640abd81616bfed"},
]

[package.dependencies]
pastel = ">=0.2.1,<0.3.0"
tomli = ">=1.2.2"

[package.extras]
poetry-plugin = ["poetry (>=1.0,<2.0)"]

[[package]]
name = "pycodestyle"
version = "2.10.0"
description = "Python style guide checker"
category = "dev"
optional = false
python-versions = ">=3.6"
files = [
    {file = "pycodestyle-2.10.0-py2.py3-none-any.whl", hash = "sha256:8a4eaf0d0495c7395bdab3589ac2db602797d76207242c17d470186815706610"},
    {file = "pycodestyle-2.10.0.tar.gz", hash = "sha256:347187bdb476329d98f695c213d7295a846d1152ff4fe9bacb8a9590b8ee7053"},
]

[[package]]
name = "tomli"
version = "2.0.1"
description = "A lil' TOML parser"
category = "main"
optional = false
python-versions = ">=3.7"
files = [
    {file = "tomli-2.0.1-py3-none-any.whl", hash = "sha256:939de3e7a6161af0c887ef91b7d41a53e7c5a1ca976325f429cb46ea9bc30ecc"},
    {file = "tomli-2.0.1.tar.gz", hash = "sha256:de526c12914f0c550d15924c62d72abc48d6fe7364aa87328337a31007fe8a4f"},
]

[metadata]
lock-version = "2.0"
python-versions = "^3.11"
content-hash = "c2b0647937c42745a2b48b7ef3bb1c94526fdcff21b85d995d39e4922ebf0f14"
